
Microsoft Visual Studio Solution File, Format Version 12.00
# Visual Studio Version 17
VisualStudioVersion = 17.0.31903.59
MinimumVisualStudioVersion = 10.0.40219.1
Project("{2150E333-8FDC-42A3-9474-1A3956D46DE8}") = "src", "src", "{827E0CD3-B72D-47B6-A68D-7590B98EB39B}"
EndProject
Project("{2150E333-8FDC-42A3-9474-1A3956D46DE8}") = "Modules", "Modules", "{EC447DCF-ABFA-6E24-52A5-D7FD48A5C558}"
EndProject
Project("{2150E333-8FDC-42A3-9474-1A3956D46DE8}") = "Catalog", "Catalog", "{1E1EF545-4C18-AEE2-B997-7EF431518D3F}"
EndProject
Project("{FAE04EC0-301F-11D3-BF4B-00C04F79EFBC}") = "Catalog.Domain", "src\Modules\Catalog\Catalog.Domain\Catalog.Domain.csproj", "{7CBC0EF5-1331-445F-A65F-01FD2EE9B9BB}"
EndProject
Project("{FAE04EC0-301F-11D3-BF4B-00C04F79EFBC}") = "Catalog.Application", "src\Modules\Catalog\Catalog.Application\Catalog.Application.csproj", "{25BE7861-84F9-4CF2-B98C-B255B3CA8EB5}"
EndProject
Project("{FAE04EC0-301F-11D3-BF4B-00C04F79EFBC}") = "Catalog.Infrastructure", "src\Modules\Catalog\Catalog.Infrastructure\Catalog.Infrastructure.csproj", "{34AD836D-7111-45F3-AC06-E260DAEB3DD9}"
EndProject
Project("{FAE04EC0-301F-11D3-BF4B-00C04F79EFBC}") = "Catalog.Api", "src\Modules\Catalog\Catalog.Api\Catalog.Api.csproj", "{65A9B80F-BAC5-46D4-9ADE-FD5AE543D81D}"
EndProject
Project("{2150E333-8FDC-42A3-9474-1A3956D46DE8}") = "Host", "Host", "{981C2CF6-E5BB-602A-511C-234B538302B0}"
EndProject
Project("{FAE04EC0-301F-11D3-BF4B-00C04F79EFBC}") = "WebApi", "src\Host\WebApi\WebApi.csproj", "{79F452F1-14C5-4D9C-9A1E-62E395C8CA5F}"
EndProject
Global
	GlobalSection(SolutionConfigurationPlatforms) = preSolution
		Debug|Any CPU = Debug|Any CPU
		Debug|x64 = Debug|x64
		Debug|x86 = Debug|x86
		Release|Any CPU = Release|Any CPU
		Release|x64 = Release|x64
		Release|x86 = Release|x86
	EndGlobalSection
	GlobalSection(ProjectConfigurationPlatforms) = postSolution
		{7CBC0EF5-1331-445F-A65F-01FD2EE9B9BB}.Debug|Any CPU.ActiveCfg = Debug|Any CPU
		{7CBC0EF5-1331-445F-A65F-01FD2EE9B9BB}.Debug|Any CPU.Build.0 = Debug|Any CPU
		{7CBC0EF5-1331-445F-A65F-01FD2EE9B9BB}.Debug|x64.ActiveCfg = Debug|Any CPU
		{7CBC0EF5-1331-445F-A65F-01FD2EE9B9BB}.Debug|x64.Build.0 = Debug|Any CPU
		{7CBC0EF5-1331-445F-A65F-01FD2EE9B9BB}.Debug|x86.ActiveCfg = Debug|Any CPU
		{7CBC0EF5-1331-445F-A65F-01FD2EE9B9BB}.Debug|x86.Build.0 = Debug|Any CPU
		{7CBC0EF5-1331-445F-A65F-01FD2EE9B9BB}.Release|Any CPU.ActiveCfg = Release|Any CPU
		{7CBC0EF5-1331-445F-A65F-01FD2EE9B9BB}.Release|Any CPU.Build.0 = Release|Any CPU
		{7CBC0EF5-1331-445F-A65F-01FD2EE9B9BB}.Release|x64.ActiveCfg = Release|Any CPU
		{7CBC0EF5-1331-445F-A65F-01FD2EE9B9BB}.Release|x64.Build.0 = Release|Any CPU
		{7CBC0EF5-1331-445F-A65F-01FD2EE9B9BB}.Release|x86.ActiveCfg = Release|Any CPU
		{7CBC0EF5-1331-445F-A65F-01FD2EE9B9BB}.Release|x86.Build.0 = Release|Any CPU
		{25BE7861-84F9-4CF2-B98C-B255B3CA8EB5}.Debug|Any CPU.ActiveCfg = Debug|Any CPU
		{25BE7861-84F9-4CF2-B98C-B255B3CA8EB5}.Debug|Any CPU.Build.0 = Debug|Any CPU
		{25BE7861-84F9-4CF2-B98C-B255B3CA8EB5}.Debug|x64.ActiveCfg = Debug|Any CPU
		{25BE7861-84F9-4CF2-B98C-B255B3CA8EB5}.Debug|x64.Build.0 = Debug|Any CPU
		{25BE7861-84F9-4CF2-B98C-B255B3CA8EB5}.Debug|x86.ActiveCfg = Debug|Any CPU
		{25BE7861-84F9-4CF2-B98C-B255B3CA8EB5}.Debug|x86.Build.0 = Debug|Any CPU
		{25BE7861-84F9-4CF2-B98C-B255B3CA8EB5}.Release|Any CPU.ActiveCfg = Release|Any CPU
		{25BE7861-84F9-4CF2-B98C-B255B3CA8EB5}.Release|Any CPU.Build.0 = Release|Any CPU
		{25BE7861-84F9-4CF2-B98C-B255B3CA8EB5}.Release|x64.ActiveCfg = Release|Any CPU
		{25BE7861-84F9-4CF2-B98C-B255B3CA8EB5}.Release|x64.Build.0 = Release|Any CPU
		{25BE7861-84F9-4CF2-B98C-B255B3CA8EB5}.Release|x86.ActiveCfg = Release|Any CPU
		{25BE7861-84F9-4CF2-B98C-B255B3CA8EB5}.Release|x86.Build.0 = Release|Any CPU
		{34AD836D-7111-45F3-AC06-E260DAEB3DD9}.Debug|Any CPU.ActiveCfg = Debug|Any CPU
		{34AD836D-7111-45F3-AC06-E260DAEB3DD9}.Debug|Any CPU.Build.0 = Debug|Any CPU
		{34AD836D-7111-45F3-AC06-E260DAEB3DD9}.Debug|x64.ActiveCfg = Debug|Any CPU
		{34AD836D-7111-45F3-AC06-E260DAEB3DD9}.Debug|x64.Build.0 = Debug|Any CPU
		{34AD836D-7111-45F3-AC06-E260DAEB3DD9}.Debug|x86.ActiveCfg = Debug|Any CPU
		{34AD836D-7111-45F3-AC06-E260DAEB3DD9}.Debug|x86.Build.0 = Debug|Any CPU
		{34AD836D-7111-45F3-AC06-E260DAEB3DD9}.Release|Any CPU.ActiveCfg = Release|Any CPU
		{34AD836D-7111-45F3-AC06-E260DAEB3DD9}.Release|Any CPU.Build.0 = Release|Any CPU
		{34AD836D-7111-45F3-AC06-E260DAEB3DD9}.Release|x64.ActiveCfg = Release|Any CPU
		{34AD836D-7111-45F3-AC06-E260DAEB3DD9}.Release|x64.Build.0 = Release|Any CPU
		{34AD836D-7111-45F3-AC06-E260DAEB3DD9}.Release|x86.ActiveCfg = Release|Any CPU
		{34AD836D-7111-45F3-AC06-E260DAEB3DD9}.Release|x86.Build.0 = Release|Any CPU
		{65A9B80F-BAC5-46D4-9ADE-FD5AE543D81D}.Debug|Any CPU.ActiveCfg = Debug|Any CPU
		{65A9B80F-BAC5-46D4-9ADE-FD5AE543D81D}.Debug|Any CPU.Build.0 = Debug|Any CPU
		{65A9B80F-BAC5-46D4-9ADE-FD5AE543D81D}.Debug|x64.ActiveCfg = Debug|Any CPU
		{65A9B80F-BAC5-46D4-9ADE-FD5AE543D81D}.Debug|x64.Build.0 = Debug|Any CPU
		{65A9B80F-BAC5-46D4-9ADE-FD5AE543D81D}.Debug|x86.ActiveCfg = Debug|Any CPU
		{65A9B80F-BAC5-46D4-9ADE-FD5AE543D81D}.Debug|x86.Build.0 = Debug|Any CPU
		{65A9B80F-BAC5-46D4-9ADE-FD5AE543D81D}.Release|Any CPU.ActiveCfg = Release|Any CPU
		{65A9B80F-BAC5-46D4-9ADE-FD5AE543D81D}.Release|Any CPU.Build.0 = Release|Any CPU
		{65A9B80F-BAC5-46D4-9ADE-FD5AE543D81D}.Release|x64.ActiveCfg = Release|Any CPU
		{65A9B80F-BAC5-46D4-9ADE-FD5AE543D81D}.Release|x64.Build.0 = Release|Any CPU
		{65A9B80F-BAC5-46D4-9ADE-FD5AE543D81D}.Release|x86.ActiveCfg = Release|Any CPU
		{65A9B80F-BAC5-46D4-9ADE-FD5AE543D81D}.Release|x86.Build.0 = Release|Any CPU
		{79F452F1-14C5-4D9C-9A1E-62E395C8CA5F}.Debug|Any CPU.ActiveCfg = Debug|Any CPU
		{79F452F1-14C5-4D9C-9A1E-62E395C8CA5F}.Debug|Any CPU.Build.0 = Debug|Any CPU
		{79F452F1-14C5-4D9C-9A1E-62E395C8CA5F}.Debug|x64.ActiveCfg = Debug|Any CPU
		{79F452F1-14C5-4D9C-9A1E-62E395C8CA5F}.Debug|x64.Build.0 = Debug|Any CPU
		{79F452F1-14C5-4D9C-9A1E-62E395C8CA5F}.Debug|x86.ActiveCfg = Debug|Any CPU
		{79F452F1-14C5-4D9C-9A1E-62E395C8CA5F}.Debug|x86.Build.0 = Debug|Any CPU
		{79F452F1-14C5-4D9C-9A1E-62E395C8CA5F}.Release|Any CPU.ActiveCfg = Release|Any CPU
		{79F452F1-14C5-4D9C-9A1E-62E395C8CA5F}.Release|Any CPU.Build.0 = Release|Any CPU
		{79F452F1-14C5-4D9C-9A1E-62E395C8CA5F}.Release|x64.ActiveCfg = Release|Any CPU
		{79F452F1-14C5-4D9C-9A1E-62E395C8CA5F}.Release|x64.Build.0 = Release|Any CPU
		{79F452F1-14C5-4D9C-9A1E-62E395C8CA5F}.Release|x86.ActiveCfg = Release|Any CPU
		{79F452F1-14C5-4D9C-9A1E-62E395C8CA5F}.Release|x86.Build.0 = Release|Any CPU
	EndGlobalSection
	GlobalSection(SolutionProperties) = preSolution
		HideSolutionNode = FALSE
	EndGlobalSection
	GlobalSection(NestedProjects) = preSolution
		{EC447DCF-ABFA-6E24-52A5-D7FD48A5C558} = {827E0CD3-B72D-47B6-A68D-7590B98EB39B}
		{1E1EF545-4C18-AEE2-B997-7EF431518D3F} = {EC447DCF-ABFA-6E24-52A5-D7FD48A5C558}
		{7CBC0EF5-1331-445F-A65F-01FD2EE9B9BB} = {1E1EF545-4C18-AEE2-B997-7EF431518D3F}
		{25BE7861-84F9-4CF2-B98C-B255B3CA8EB5} = {1E1EF545-4C18-AEE2-B997-7EF431518D3F}
		{34AD836D-7111-45F3-AC06-E260DAEB3DD9} = {1E1EF545-4C18-AEE2-B997-7EF431518D3F}
		{65A9B80F-BAC5-46D4-9ADE-FD5AE543D81D} = {1E1EF545-4C18-AEE2-B997-7EF431518D3F}
		{981C2CF6-E5BB-602A-511C-234B538302B0} = {827E0CD3-B72D-47B6-A68D-7590B98EB39B}
		{79F452F1-14C5-4D9C-9A1E-62E395C8CA5F} = {981C2CF6-E5BB-602A-511C-234B538302B0}
	EndGlobalSection
EndGlobal
